
Microsoft Visual Studio Solution File, Format Version 12.00
# Visual Studio Version 17
VisualStudioVersion = 17.7.34221.43
MinimumVisualStudioVersion = 10.0.40219.1
Project("{FAE04EC0-301F-11D3-BF4B-00C04F79EFBC}") = "Mainhub", "Mainhub\Mainhub.csproj", "{B6B6E45A-AA54-43EA-A345-564313F9E07A}"
EndProject
Global
	GlobalSection(SolutionConfigurationPlatforms) = preSolution
		Debug|Any CPU = Debug|Any CPU
		Release|Any CPU = Release|Any CPU
	EndGlobalSection
	GlobalSection(ProjectConfigurationPlatforms) = postSolution
		{B6B6E45A-AA54-43EA-A345-564313F9E07A}.Debug|Any CPU.ActiveCfg = Debug|Any CPU
		{B6B6E45A-AA54-43EA-A345-564313F9E07A}.Debug|Any CPU.Build.0 = Debug|Any CPU
		{B6B6E45A-AA54-43EA-A345-564313F9E07A}.Release|Any CPU.ActiveCfg = Release|Any CPU
		{B6B6E45A-AA54-43EA-A345-564313F9E07A}.Release|Any CPU.Build.0 = Release|Any CPU
	EndGlobalSection
	GlobalSection(SolutionProperties) = preSolution
		HideSolutionNode = FALSE
	EndGlobalSection
	GlobalSection(ExtensibilityGlobals) = postSolution
		SolutionGuid = {083BC002-4C0A-4CCF-970A-102EF636B821}
	EndGlobalSection
EndGlobal
